
Microsoft Visual Studio Solution File, Format Version 11.00
# Visual Studio 2010
Project("{FAE04EC0-301F-11D3-BF4B-00C04F79EFBC}") = "ProjectManagement_1.Module", "ProjectManagement_1.Module\ProjectManagement_1.Module.csproj", "{936B89A8-100B-4BA0-ACA8-1432DAAD7B3C}"
EndProject
Project("{FAE04EC0-301F-11D3-BF4B-00C04F79EFBC}") = "ProjectManagement_1.Module.Win", "ProjectManagement_1.Module.Win\ProjectManagement_1.Module.Win.csproj", "{1A64C383-89D7-49B9-8F5F-27A0EC2FBDA6}"
EndProject
Project("{FAE04EC0-301F-11D3-BF4B-00C04F79EFBC}") = "ProjectManagement_1.Win", "ProjectManagement_1.Win\ProjectManagement_1.Win.csproj", "{9ACD3F77-5035-4015-99B6-6B5EB0C25014}"
EndProject
Global
	GlobalSection(SolutionConfigurationPlatforms) = preSolution
		Debug|Any CPU = Debug|Any CPU
		EasyTest|Any CPU = EasyTest|Any CPU
		Release|Any CPU = Release|Any CPU
	EndGlobalSection
	GlobalSection(ProjectConfigurationPlatforms) = postSolution
		{936B89A8-100B-4BA0-ACA8-1432DAAD7B3C}.Debug|Any CPU.ActiveCfg = Debug|Any CPU
		{936B89A8-100B-4BA0-ACA8-1432DAAD7B3C}.Debug|Any CPU.Build.0 = Debug|Any CPU
		{936B89A8-100B-4BA0-ACA8-1432DAAD7B3C}.EasyTest|Any CPU.ActiveCfg = EasyTest|Any CPU
		{936B89A8-100B-4BA0-ACA8-1432DAAD7B3C}.EasyTest|Any CPU.Build.0 = EasyTest|Any CPU
		{936B89A8-100B-4BA0-ACA8-1432DAAD7B3C}.Release|Any CPU.ActiveCfg = Release|Any CPU
		{936B89A8-100B-4BA0-ACA8-1432DAAD7B3C}.Release|Any CPU.Build.0 = Release|Any CPU
		{1A64C383-89D7-49B9-8F5F-27A0EC2FBDA6}.Debug|Any CPU.ActiveCfg = Debug|Any CPU
		{1A64C383-89D7-49B9-8F5F-27A0EC2FBDA6}.Debug|Any CPU.Build.0 = Debug|Any CPU
		{1A64C383-89D7-49B9-8F5F-27A0EC2FBDA6}.EasyTest|Any CPU.ActiveCfg = EasyTest|Any CPU
		{1A64C383-89D7-49B9-8F5F-27A0EC2FBDA6}.EasyTest|Any CPU.Build.0 = EasyTest|Any CPU
		{1A64C383-89D7-49B9-8F5F-27A0EC2FBDA6}.Release|Any CPU.ActiveCfg = Release|Any CPU
		{1A64C383-89D7-49B9-8F5F-27A0EC2FBDA6}.Release|Any CPU.Build.0 = Release|Any CPU
		{9ACD3F77-5035-4015-99B6-6B5EB0C25014}.Debug|Any CPU.ActiveCfg = Debug|Any CPU
		{9ACD3F77-5035-4015-99B6-6B5EB0C25014}.Debug|Any CPU.Build.0 = Debug|Any CPU
		{9ACD3F77-5035-4015-99B6-6B5EB0C25014}.EasyTest|Any CPU.ActiveCfg = EasyTest|Any CPU
		{9ACD3F77-5035-4015-99B6-6B5EB0C25014}.EasyTest|Any CPU.Build.0 = EasyTest|Any CPU
		{9ACD3F77-5035-4015-99B6-6B5EB0C25014}.Release|Any CPU.ActiveCfg = Release|Any CPU
		{9ACD3F77-5035-4015-99B6-6B5EB0C25014}.Release|Any CPU.Build.0 = Release|Any CPU
	EndGlobalSection
	GlobalSection(SolutionProperties) = preSolution
		HideSolutionNode = FALSE
	EndGlobalSection
EndGlobal
